
Microsoft Visual Studio Solution File, Format Version 12.00
# Visual Studio Version 16
VisualStudioVersion = 16.0.30503.244
MinimumVisualStudioVersion = 10.0.40219.1
Project("{FAE04EC0-301F-11D3-BF4B-00C04F79EFBC}") = "ChurrasAPI", "ChurrasAPI.csproj", "{4AE88F04-809B-473B-8B5B-8E513C7B1D47}"
EndProject
Global
	GlobalSection(SolutionConfigurationPlatforms) = preSolution
		Debug|Any CPU = Debug|Any CPU
		Release|Any CPU = Release|Any CPU
	EndGlobalSection
	GlobalSection(ProjectConfigurationPlatforms) = postSolution
		{4AE88F04-809B-473B-8B5B-8E513C7B1D47}.Debug|Any CPU.ActiveCfg = Debug|Any CPU
		{4AE88F04-809B-473B-8B5B-8E513C7B1D47}.Debug|Any CPU.Build.0 = Debug|Any CPU
		{4AE88F04-809B-473B-8B5B-8E513C7B1D47}.Release|Any CPU.ActiveCfg = Release|Any CPU
		{4AE88F04-809B-473B-8B5B-8E513C7B1D47}.Release|Any CPU.Build.0 = Release|Any CPU
	EndGlobalSection
	GlobalSection(SolutionProperties) = preSolution
		HideSolutionNode = FALSE
	EndGlobalSection
	GlobalSection(ExtensibilityGlobals) = postSolution
		SolutionGuid = {D830E19E-E88E-4A3A-8894-CF714616F189}
	EndGlobalSection
EndGlobal
